// !$*UTF8*$!
{
	archiveVersion = 1;
	classes = {
	};
	objectVersion = 52;
	objects = {

/* Begin PBXBuildFile section */
		2E0EB074217E5300005E8B78 /* NSUserActivity+Shortcuts.swift in Sources */ = {isa = PBXBuildFile; fileRef = 2E0EB073217E5300005E8B78 /* NSUserActivity+Shortcuts.swift */; };
		2E12CA9D238DDAF900C9B588 /* Combine.framework in Frameworks */ = {isa = PBXBuildFile; fileRef = 2E12CA9C238DDAF900C9B588 /* Combine.framework */; settings = {ATTRIBUTES = (Weak, ); }; };
		2E1BFFA3200FBC8C00985446 /* DataManager.swift in Sources */ = {isa = PBXBuildFile; fileRef = 2E1BFFA2200FBC8C00985446 /* DataManager.swift */; };
		2E1DCA251FC49A72002E67D6 /* GrammarTableViewController.swift in Sources */ = {isa = PBXBuildFile; fileRef = 2E1DCA241FC49A72002E67D6 /* GrammarTableViewController.swift */; };
		2E1DCA291FC4E722002E67D6 /* String+HTMLAttributedString.swift in Sources */ = {isa = PBXBuildFile; fileRef = 2E1DCA281FC4E722002E67D6 /* String+HTMLAttributedString.swift */; };
		2E1DCA2B1FC5F84F002E67D6 /* CoreDataFetchedResultsTableViewController.swift in Sources */ = {isa = PBXBuildFile; fileRef = 2E1DCA2A1FC5F84F002E67D6 /* CoreDataFetchedResultsTableViewController.swift */; };
		2E2AAEBB22E4DFDE00E227B0 /* SentencesTableViewController.swift in Sources */ = {isa = PBXBuildFile; fileRef = 2E2AAEBA22E4DFDE00E227B0 /* SentencesTableViewController.swift */; };
		2E2FE36522E61DBB001C0E36 /* ReadingsTableViewController.swift in Sources */ = {isa = PBXBuildFile; fileRef = 2E2FE36422E61DBB001C0E36 /* ReadingsTableViewController.swift */; };
		2E3074901FACF9640078725B /* InfoPlist.strings in Resources */ = {isa = PBXBuildFile; fileRef = 2E3074921FACF9640078725B /* InfoPlist.strings */; };
		2E30749C1FACF9660078725B /* Localizable.strings in Resources */ = {isa = PBXBuildFile; fileRef = 2E30749E1FACF9660078725B /* Localizable.strings */; };
		2E32A9AB209EEF16003406CA /* SignUpTableViewCell.swift in Sources */ = {isa = PBXBuildFile; fileRef = 2E32A9AA209EEF16003406CA /* SignUpTableViewCell.swift */; };
		2E3D43C8201B559A00B4D5EF /* BunPro.sqlite-shm in Resources */ = {isa = PBXBuildFile; fileRef = 2E3D43C5201B559A00B4D5EF /* BunPro.sqlite-shm */; };
		2E3D43C9201B559A00B4D5EF /* BunPro.sqlite-wal in Resources */ = {isa = PBXBuildFile; fileRef = 2E3D43C6201B559A00B4D5EF /* BunPro.sqlite-wal */; };
		2E3D43CA201B559A00B4D5EF /* BunPro.sqlite in Resources */ = {isa = PBXBuildFile; fileRef = 2E3D43C7201B559A00B4D5EF /* BunPro.sqlite */; };
		2E3EE11D1FF4EF870027C924 /* String+Furigana.swift in Sources */ = {isa = PBXBuildFile; fileRef = 2E3EE11C1FF4EF870027C924 /* String+Furigana.swift */; };
		2E40190A24BA3E1F007B74C7 /* Settings.storyboard in Resources */ = {isa = PBXBuildFile; fileRef = 2E40190924BA3E1F007B74C7 /* Settings.storyboard */; };
		2E46864420694E8000DE4F06 /* HimitsuTableViewCell.swift in Sources */ = {isa = PBXBuildFile; fileRef = 2E46864320694E8000DE4F06 /* HimitsuTableViewCell.swift */; };
		2E528A21234898740061A92D /* UserDefaults+Custom.swift in Sources */ = {isa = PBXBuildFile; fileRef = 2E528A20234898740061A92D /* UserDefaults+Custom.swift */; };
		2E688B04251A79E6003E93E1 /* MainSplitViewController.swift in Sources */ = {isa = PBXBuildFile; fileRef = 2E688B03251A79E6003E93E1 /* MainSplitViewController.swift */; };
		2E6C97082372269B00073707 /* StatusObserver.swift in Sources */ = {isa = PBXBuildFile; fileRef = 2E6C97072372269B00073707 /* StatusObserver.swift */; };
		2E78A15F2017AEFE0040D928 /* BasicInfoCell.swift in Sources */ = {isa = PBXBuildFile; fileRef = 2E78A15E2017AEFE0040D928 /* BasicInfoCell.swift */; };
		2E7B368E2077DFE600542BB8 /* StatusTableViewCell.swift in Sources */ = {isa = PBXBuildFile; fileRef = 2E7B368D2077DFE600542BB8 /* StatusTableViewCell.swift */; };
		2E7B36902077E1DA00542BB8 /* JLPTProgressTableViewCell.swift in Sources */ = {isa = PBXBuildFile; fileRef = 2E7B368F2077E1DA00542BB8 /* JLPTProgressTableViewCell.swift */; };
		2E7B36922078144B00542BB8 /* GrammarHeaderTableViewCell.swift in Sources */ = {isa = PBXBuildFile; fileRef = 2E7B36912078144B00542BB8 /* GrammarHeaderTableViewCell.swift */; };
		2E7B3698208516B200542BB8 /* Localizable.stringsdict in Resources */ = {isa = PBXBuildFile; fileRef = 2E7B3697208516B200542BB8 /* Localizable.stringsdict */; };
		2E8237EE239401A300438E24 /* SearchTableViewController+ContextMenu.swift in Sources */ = {isa = PBXBuildFile; fileRef = 2E8237ED239401A300438E24 /* SearchTableViewController+ContextMenu.swift */; };
		2E8237F0239402E500438E24 /* UIImage+System.swift in Sources */ = {isa = PBXBuildFile; fileRef = 2E8237EF239402E500438E24 /* UIImage+System.swift */; };
		2E8237F22394186500438E24 /* SearchableDataSource.swift in Sources */ = {isa = PBXBuildFile; fileRef = 2E8237F12394186500438E24 /* SearchableDataSource.swift */; };
		2E8237F42394200400438E24 /* SearchProvider.swift in Sources */ = {isa = PBXBuildFile; fileRef = 2E8237F32394200400438E24 /* SearchProvider.swift */; };
		2E8237F623945FD800438E24 /* GrammarPreviewViewController.swift in Sources */ = {isa = PBXBuildFile; fileRef = 2E8237F523945FD800438E24 /* GrammarPreviewViewController.swift */; };
		2E82B77E2393FD07003AF22C /* TrailingSwipeActionsConfigurationProvider.swift in Sources */ = {isa = PBXBuildFile; fileRef = 2E82B77D2393FD07003AF22C /* TrailingSwipeActionsConfigurationProvider.swift */; };
		2E8BC11323A05EFD00DF1562 /* Settings.swift in Sources */ = {isa = PBXBuildFile; fileRef = 2E8BC11223A05EFD00DF1562 /* Settings.swift */; };
		2E8BC11623A15FE100DF1562 /* Trimmed.swift in Sources */ = {isa = PBXBuildFile; fileRef = 2E8BC11523A15FE100DF1562 /* Trimmed.swift */; };
		2E8BC11823A1600C00DF1562 /* Stored.swift in Sources */ = {isa = PBXBuildFile; fileRef = 2E8BC11723A1600C00DF1562 /* Stored.swift */; };
		2EA29AA52391C39B003B50A9 /* SearchTableViewController.swift in Sources */ = {isa = PBXBuildFile; fileRef = 2EA29AA42391C39B003B50A9 /* SearchTableViewController.swift */; };
		2EA29AA72391C4D9003B50A9 /* DiffableSearchDataSource.swift in Sources */ = {isa = PBXBuildFile; fileRef = 2EA29AA62391C4D9003B50A9 /* DiffableSearchDataSource.swift */; };
		2EA4612B1FABAA4500B4F3BD /* UserNotificationCenter.swift in Sources */ = {isa = PBXBuildFile; fileRef = 2EA4612A1FABAA4500B4F3BD /* UserNotificationCenter.swift */; };
		2EA878FD22E2856A009E5AA9 /* BunProKit in Frameworks */ = {isa = PBXBuildFile; productRef = 2EA878FC22E2856A009E5AA9 /* BunProKit */; };
		2EA878FF22E28570009E5AA9 /* Protocols in Frameworks */ = {isa = PBXBuildFile; productRef = 2EA878FE22E28570009E5AA9 /* Protocols */; };
		2EAD9DD41FA25DF100CE52CF /* AppDelegate.swift in Sources */ = {isa = PBXBuildFile; fileRef = 2EAD9DD31FA25DF100CE52CF /* AppDelegate.swift */; };
		2EAD9DD61FA25DF100CE52CF /* DashboardTableViewController.swift in Sources */ = {isa = PBXBuildFile; fileRef = 2EAD9DD51FA25DF100CE52CF /* DashboardTableViewController.swift */; };
		2EAD9DDB1FA25DF100CE52CF /* Main.storyboard in Resources */ = {isa = PBXBuildFile; fileRef = 2EAD9DD91FA25DF100CE52CF /* Main.storyboard */; };
		2EAD9DDD1FA25DF100CE52CF /* Assets.xcassets in Resources */ = {isa = PBXBuildFile; fileRef = 2EAD9DDC1FA25DF100CE52CF /* Assets.xcassets */; };
		2EAD9DE01FA25DF100CE52CF /* LaunchScreen.storyboard in Resources */ = {isa = PBXBuildFile; fileRef = 2EAD9DDE1FA25DF100CE52CF /* LaunchScreen.storyboard */; };
		2EAD9DEB1FA25DF100CE52CF /* BunPuroTests.swift in Sources */ = {isa = PBXBuildFile; fileRef = 2EAD9DEA1FA25DF100CE52CF /* BunPuroTests.swift */; };
		2EAD9DF61FA25DF100CE52CF /* BunPuroUITests.swift in Sources */ = {isa = PBXBuildFile; fileRef = 2EAD9DF51FA25DF100CE52CF /* BunPuroUITests.swift */; };
		2EB4564D1FE4710C003CDD65 /* DetailCell.swift in Sources */ = {isa = PBXBuildFile; fileRef = 2EB4564C1FE4710C003CDD65 /* DetailCell.swift */; };
		2EBA417522EA003500D2765C /* GrammarDetail.storyboard in Resources */ = {isa = PBXBuildFile; fileRef = 2EBA417322EA003500D2765C /* GrammarDetail.storyboard */; };
		2EBB70B920164EBA001AE42E /* Account+Initializer.swift in Sources */ = {isa = PBXBuildFile; fileRef = 2EBB70B820164EBA001AE42E /* Account+Initializer.swift */; };
		2EBB70BB20165021001AE42E /* Sentence+Initializer.swift in Sources */ = {isa = PBXBuildFile; fileRef = 2EBB70BA20165021001AE42E /* Sentence+Initializer.swift */; };
		2EBB70BD201654F9001AE42E /* Link+Initializer.swift in Sources */ = {isa = PBXBuildFile; fileRef = 2EBB70BC201654F9001AE42E /* Link+Initializer.swift */; };
		2EBB70BF201655A6001AE42E /* Grammar+initializer.swift in Sources */ = {isa = PBXBuildFile; fileRef = 2EBB70BE201655A6001AE42E /* Grammar+initializer.swift */; };
		2EBB70C520165DF6001AE42E /* Review+Initializer.swift in Sources */ = {isa = PBXBuildFile; fileRef = 2EBB70C420165DF6001AE42E /* Review+Initializer.swift */; };
		2EBB70C7201667FC001AE42E /* GrammarTeaserCell.swift in Sources */ = {isa = PBXBuildFile; fileRef = 2EBB70C6201667FC001AE42E /* GrammarTeaserCell.swift */; };
		2ECBE3EA203B5B8B00F20EE3 /* KanjiTableViewController.swift in Sources */ = {isa = PBXBuildFile; fileRef = 2ECBE3E9203B5B8B00F20EE3 /* KanjiTableViewController.swift */; };
		2ECDB1DE236CB12C00B28A29 /* InformationTableViewController.swift in Sources */ = {isa = PBXBuildFile; fileRef = 2ECDB1DD236CB12C00B28A29 /* InformationTableViewController.swift */; };
		2ECDB1E0236CB1D000B28A29 /* privacy.json in Resources */ = {isa = PBXBuildFile; fileRef = 2ECDB1DF236CB1D000B28A29 /* privacy.json */; };
		2ECDB1E2236CB2FA00B28A29 /* Paragraph.swift in Sources */ = {isa = PBXBuildFile; fileRef = 2ECDB1E1236CB2FA00B28A29 /* Paragraph.swift */; };
		2ECDB1E4236CBED500B28A29 /* about.json in Resources */ = {isa = PBXBuildFile; fileRef = 2ECDB1E3236CBED500B28A29 /* about.json */; };
		2ECDB1E6236CDBA400B28A29 /* terms.json in Resources */ = {isa = PBXBuildFile; fileRef = 2ECDB1E5236CD89A00B28A29 /* terms.json */; };
		2EE0AEB323299F4B00E4BD64 /* Array+Batch.swift in Sources */ = {isa = PBXBuildFile; fileRef = 2EE0AEB223299F4B00E4BD64 /* Array+Batch.swift */; };
		2EE7C2191FD8722700DA9AB8 /* SettingsTableViewController.swift in Sources */ = {isa = PBXBuildFile; fileRef = 2EE7C2181FD8722700DA9AB8 /* SettingsTableViewController.swift */; };
		2EFB5F9C1FB38D8A004D3DF5 /* BunPro.xcdatamodeld in Sources */ = {isa = PBXBuildFile; fileRef = 2EFB5F9A1FB38D8A004D3DF5 /* BunPro.xcdatamodeld */; };
		2EFFE3DD2329893500EA74D4 /* Database.swift in Sources */ = {isa = PBXBuildFile; fileRef = 2EFFE3DC2329893500EA74D4 /* Database.swift */; };
		A1225EE7226D7D7400EA2885 /* Date+StatusTableView.swift in Sources */ = {isa = PBXBuildFile; fileRef = A1225EE6226D7D7400EA2885 /* Date+StatusTableView.swift */; };
		A1225EE9226D7DA300EA2885 /* Collection+Review.swift in Sources */ = {isa = PBXBuildFile; fileRef = A1225EE8226D7DA300EA2885 /* Collection+Review.swift */; };
		A146F31A22702CCE002DC511 /* GrammarFetchedResultsController.swift in Sources */ = {isa = PBXBuildFile; fileRef = A146F31922702CCE002DC511 /* GrammarFetchedResultsController.swift */; };
		A146F31C227033C3002DC511 /* GrammarFlowController.swift in Sources */ = {isa = PBXBuildFile; fileRef = A146F31B227033C3002DC511 /* GrammarFlowController.swift */; };
		A146F32022703907002DC511 /* DashboardFetchedResultsController.swift in Sources */ = {isa = PBXBuildFile; fileRef = A146F31F22703907002DC511 /* DashboardFetchedResultsController.swift */; };
		A1D6C148226B568700D25DF1 /* BartyCrouch.swift in Sources */ = {isa = PBXBuildFile; fileRef = A1D6C147226B568600D25DF1 /* BartyCrouch.swift */; };
		A1D6C14E226B56A200D25DF1 /* Strings.swift in Sources */ = {isa = PBXBuildFile; fileRef = A1D6C14B226B56A200D25DF1 /* Strings.swift */; };
		A1D6C14F226B56A200D25DF1 /* Assets.swift in Sources */ = {isa = PBXBuildFile; fileRef = A1D6C14C226B56A200D25DF1 /* Assets.swift */; };
		A1D6C150226B56A200D25DF1 /* Storyboards.swift in Sources */ = {isa = PBXBuildFile; fileRef = A1D6C14D226B56A200D25DF1 /* Storyboards.swift */; };
		A1D6C1AA226BC15900D25DF1 /* Logger.swift in Sources */ = {isa = PBXBuildFile; fileRef = A1D6C1A9226BC15900D25DF1 /* Logger.swift */; };
/* End PBXBuildFile section */

/* Begin PBXContainerItemProxy section */
		2EAD9DE71FA25DF100CE52CF /* PBXContainerItemProxy */ = {
			isa = PBXContainerItemProxy;
			containerPortal = 2EAD9DC81FA25DF100CE52CF /* Project object */;
			proxyType = 1;
			remoteGlobalIDString = 2EAD9DCF1FA25DF100CE52CF;
			remoteInfo = BunPuro;
		};
		2EAD9DF21FA25DF100CE52CF /* PBXContainerItemProxy */ = {
			isa = PBXContainerItemProxy;
			containerPortal = 2EAD9DC81FA25DF100CE52CF /* Project object */;
			proxyType = 1;
			remoteGlobalIDString = 2EAD9DCF1FA25DF100CE52CF;
			remoteInfo = BunPuro;
		};
/* End PBXContainerItemProxy section */

/* Begin PBXCopyFilesBuildPhase section */
		2EAD9E221FA26EB400CE52CF /* Embed Frameworks */ = {
			isa = PBXCopyFilesBuildPhase;
			buildActionMask = 2147483647;
			dstPath = "";
			dstSubfolderSpec = 10;
			files = (
			);
			name = "Embed Frameworks";
			runOnlyForDeploymentPostprocessing = 0;
		};
/* End PBXCopyFilesBuildPhase section */

/* Begin PBXFileReference section */
		2E0EB073217E5300005E8B78 /* NSUserActivity+Shortcuts.swift */ = {isa = PBXFileReference; lastKnownFileType = sourcecode.swift; path = "NSUserActivity+Shortcuts.swift"; sourceTree = "<group>"; };
		2E12CA9C238DDAF900C9B588 /* Combine.framework */ = {isa = PBXFileReference; lastKnownFileType = wrapper.framework; name = Combine.framework; path = ../../../../System/Library/Frameworks/Combine.framework; sourceTree = "<group>"; };
		2E1BFFA2200FBC8C00985446 /* DataManager.swift */ = {isa = PBXFileReference; lastKnownFileType = sourcecode.swift; path = DataManager.swift; sourceTree = "<group>"; };
		2E1DCA241FC49A72002E67D6 /* GrammarTableViewController.swift */ = {isa = PBXFileReference; lastKnownFileType = sourcecode.swift; path = GrammarTableViewController.swift; sourceTree = "<group>"; };
		2E1DCA281FC4E722002E67D6 /* String+HTMLAttributedString.swift */ = {isa = PBXFileReference; lastKnownFileType = sourcecode.swift; path = "String+HTMLAttributedString.swift"; sourceTree = "<group>"; };
		2E1DCA2A1FC5F84F002E67D6 /* CoreDataFetchedResultsTableViewController.swift */ = {isa = PBXFileReference; lastKnownFileType = sourcecode.swift; path = CoreDataFetchedResultsTableViewController.swift; sourceTree = "<group>"; };
		2E2AAEBA22E4DFDE00E227B0 /* SentencesTableViewController.swift */ = {isa = PBXFileReference; lastKnownFileType = sourcecode.swift; path = SentencesTableViewController.swift; sourceTree = "<group>"; };
		2E2FE36422E61DBB001C0E36 /* ReadingsTableViewController.swift */ = {isa = PBXFileReference; lastKnownFileType = sourcecode.swift; path = ReadingsTableViewController.swift; sourceTree = "<group>"; };
		2E3074911FACF9640078725B /* en */ = {isa = PBXFileReference; lastKnownFileType = text.plist.strings; name = en; path = en.lproj/InfoPlist.strings; sourceTree = "<group>"; };
		2E3074981FACF9660078725B /* en */ = {isa = PBXFileReference; lastKnownFileType = text.plist.strings; name = en; path = en.lproj/LaunchScreen.strings; sourceTree = "<group>"; };
		2E30749D1FACF9660078725B /* en */ = {isa = PBXFileReference; lastKnownFileType = text.plist.strings; name = en; path = en.lproj/Localizable.strings; sourceTree = "<group>"; };
		2E32A9AA209EEF16003406CA /* SignUpTableViewCell.swift */ = {isa = PBXFileReference; lastKnownFileType = sourcecode.swift; path = SignUpTableViewCell.swift; sourceTree = "<group>"; };
		2E3D43C5201B559A00B4D5EF /* BunPro.sqlite-shm */ = {isa = PBXFileReference; lastKnownFileType = file; path = "BunPro.sqlite-shm"; sourceTree = "<group>"; };
		2E3D43C6201B559A00B4D5EF /* BunPro.sqlite-wal */ = {isa = PBXFileReference; lastKnownFileType = file; path = "BunPro.sqlite-wal"; sourceTree = "<group>"; };
		2E3D43C7201B559A00B4D5EF /* BunPro.sqlite */ = {isa = PBXFileReference; lastKnownFileType = file; path = BunPro.sqlite; sourceTree = "<group>"; };
		2E3EE11C1FF4EF870027C924 /* String+Furigana.swift */ = {isa = PBXFileReference; lastKnownFileType = sourcecode.swift; path = "String+Furigana.swift"; sourceTree = "<group>"; };
		2E40190924BA3E1F007B74C7 /* Settings.storyboard */ = {isa = PBXFileReference; fileEncoding = 4; lastKnownFileType = file.storyboard; path = Settings.storyboard; sourceTree = "<group>"; };
		2E46864320694E8000DE4F06 /* HimitsuTableViewCell.swift */ = {isa = PBXFileReference; lastKnownFileType = sourcecode.swift; path = HimitsuTableViewCell.swift; sourceTree = "<group>"; };
		2E48ABB420C1A19400BA660B /* apple-app-site-association */ = {isa = PBXFileReference; lastKnownFileType = text; path = "apple-app-site-association"; sourceTree = "<group>"; };
		2E48ABB520C1A3DD00BA660B /* BunPuro.entitlements */ = {isa = PBXFileReference; lastKnownFileType = text.plist.entitlements; path = BunPuro.entitlements; sourceTree = "<group>"; };
		2E528A20234898740061A92D /* UserDefaults+Custom.swift */ = {isa = PBXFileReference; lastKnownFileType = sourcecode.swift; path = "UserDefaults+Custom.swift"; sourceTree = "<group>"; };
		2E59790E20C6E6AD0007E9BE /* BunPuro-Bridging-Header.h */ = {isa = PBXFileReference; lastKnownFileType = sourcecode.c.h; path = "BunPuro-Bridging-Header.h"; sourceTree = "<group>"; };
		2E688B03251A79E6003E93E1 /* MainSplitViewController.swift */ = {isa = PBXFileReference; lastKnownFileType = sourcecode.swift; path = MainSplitViewController.swift; sourceTree = "<group>"; };
		2E6C97072372269B00073707 /* StatusObserver.swift */ = {isa = PBXFileReference; lastKnownFileType = sourcecode.swift; path = StatusObserver.swift; sourceTree = "<group>"; };
		2E78A15E2017AEFE0040D928 /* BasicInfoCell.swift */ = {isa = PBXFileReference; lastKnownFileType = sourcecode.swift; path = BasicInfoCell.swift; sourceTree = "<group>"; };
		2E7B368D2077DFE600542BB8 /* StatusTableViewCell.swift */ = {isa = PBXFileReference; lastKnownFileType = sourcecode.swift; path = StatusTableViewCell.swift; sourceTree = "<group>"; };
		2E7B368F2077E1DA00542BB8 /* JLPTProgressTableViewCell.swift */ = {isa = PBXFileReference; lastKnownFileType = sourcecode.swift; path = JLPTProgressTableViewCell.swift; sourceTree = "<group>"; };
		2E7B36912078144B00542BB8 /* GrammarHeaderTableViewCell.swift */ = {isa = PBXFileReference; lastKnownFileType = sourcecode.swift; path = GrammarHeaderTableViewCell.swift; sourceTree = "<group>"; };
		2E7B3697208516B200542BB8 /* Localizable.stringsdict */ = {isa = PBXFileReference; lastKnownFileType = text.plist.stringsdict; path = Localizable.stringsdict; sourceTree = "<group>"; };
		2E8237ED239401A300438E24 /* SearchTableViewController+ContextMenu.swift */ = {isa = PBXFileReference; lastKnownFileType = sourcecode.swift; path = "SearchTableViewController+ContextMenu.swift"; sourceTree = "<group>"; };
		2E8237EF239402E500438E24 /* UIImage+System.swift */ = {isa = PBXFileReference; lastKnownFileType = sourcecode.swift; path = "UIImage+System.swift"; sourceTree = "<group>"; };
		2E8237F12394186500438E24 /* SearchableDataSource.swift */ = {isa = PBXFileReference; lastKnownFileType = sourcecode.swift; path = SearchableDataSource.swift; sourceTree = "<group>"; };
		2E8237F32394200400438E24 /* SearchProvider.swift */ = {isa = PBXFileReference; lastKnownFileType = sourcecode.swift; path = SearchProvider.swift; sourceTree = "<group>"; };
		2E8237F523945FD800438E24 /* GrammarPreviewViewController.swift */ = {isa = PBXFileReference; lastKnownFileType = sourcecode.swift; path = GrammarPreviewViewController.swift; sourceTree = "<group>"; };
		2E82B77D2393FD07003AF22C /* TrailingSwipeActionsConfigurationProvider.swift */ = {isa = PBXFileReference; lastKnownFileType = sourcecode.swift; path = TrailingSwipeActionsConfigurationProvider.swift; sourceTree = "<group>"; };
		2E8BC11223A05EFD00DF1562 /* Settings.swift */ = {isa = PBXFileReference; lastKnownFileType = sourcecode.swift; path = Settings.swift; sourceTree = "<group>"; };
		2E8BC11523A15FE100DF1562 /* Trimmed.swift */ = {isa = PBXFileReference; lastKnownFileType = sourcecode.swift; path = Trimmed.swift; sourceTree = "<group>"; };
		2E8BC11723A1600C00DF1562 /* Stored.swift */ = {isa = PBXFileReference; lastKnownFileType = sourcecode.swift; path = Stored.swift; sourceTree = "<group>"; };
		2EA29AA32391AEF1003B50A9 /* BunPro 2.xcdatamodel */ = {isa = PBXFileReference; lastKnownFileType = wrapper.xcdatamodel; path = "BunPro 2.xcdatamodel"; sourceTree = "<group>"; };
		2EA29AA42391C39B003B50A9 /* SearchTableViewController.swift */ = {isa = PBXFileReference; lastKnownFileType = sourcecode.swift; path = SearchTableViewController.swift; sourceTree = "<group>"; };
		2EA29AA62391C4D9003B50A9 /* DiffableSearchDataSource.swift */ = {isa = PBXFileReference; lastKnownFileType = sourcecode.swift; path = DiffableSearchDataSource.swift; sourceTree = "<group>"; };
		2EA4612A1FABAA4500B4F3BD /* UserNotificationCenter.swift */ = {isa = PBXFileReference; lastKnownFileType = sourcecode.swift; path = UserNotificationCenter.swift; sourceTree = "<group>"; };
		2EA878FA22E2852C009E5AA9 /* Protocols */ = {isa = PBXFileReference; lastKnownFileType = folder; path = Protocols; sourceTree = "<group>"; };
		2EA878FB22E28544009E5AA9 /* BunProKit */ = {isa = PBXFileReference; lastKnownFileType = folder; path = BunProKit; sourceTree = "<group>"; };
		2EAD9DD01FA25DF100CE52CF /* iOS.app */ = {isa = PBXFileReference; explicitFileType = wrapper.application; includeInIndex = 0; path = iOS.app; sourceTree = BUILT_PRODUCTS_DIR; };
		2EAD9DD31FA25DF100CE52CF /* AppDelegate.swift */ = {isa = PBXFileReference; lastKnownFileType = sourcecode.swift; path = AppDelegate.swift; sourceTree = "<group>"; };
		2EAD9DD51FA25DF100CE52CF /* DashboardTableViewController.swift */ = {isa = PBXFileReference; lastKnownFileType = sourcecode.swift; path = DashboardTableViewController.swift; sourceTree = "<group>"; };
		2EAD9DDA1FA25DF100CE52CF /* Base */ = {isa = PBXFileReference; lastKnownFileType = file.storyboard; name = Base; path = Base.lproj/Main.storyboard; sourceTree = "<group>"; };
		2EAD9DDC1FA25DF100CE52CF /* Assets.xcassets */ = {isa = PBXFileReference; lastKnownFileType = folder.assetcatalog; path = Assets.xcassets; sourceTree = "<group>"; };
		2EAD9DDF1FA25DF100CE52CF /* Base */ = {isa = PBXFileReference; lastKnownFileType = file.storyboard; name = Base; path = Base.lproj/LaunchScreen.storyboard; sourceTree = "<group>"; };
		2EAD9DE11FA25DF100CE52CF /* Info.plist */ = {isa = PBXFileReference; lastKnownFileType = text.plist.xml; path = Info.plist; sourceTree = "<group>"; };
		2EAD9DE61FA25DF100CE52CF /* iOSTests.xctest */ = {isa = PBXFileReference; explicitFileType = wrapper.cfbundle; includeInIndex = 0; path = iOSTests.xctest; sourceTree = BUILT_PRODUCTS_DIR; };
		2EAD9DEA1FA25DF100CE52CF /* BunPuroTests.swift */ = {isa = PBXFileReference; lastKnownFileType = sourcecode.swift; path = BunPuroTests.swift; sourceTree = "<group>"; };
		2EAD9DEC1FA25DF100CE52CF /* Info.plist */ = {isa = PBXFileReference; lastKnownFileType = text.plist.xml; path = Info.plist; sourceTree = "<group>"; };
		2EAD9DF11FA25DF100CE52CF /* iOSUITests.xctest */ = {isa = PBXFileReference; explicitFileType = wrapper.cfbundle; includeInIndex = 0; path = iOSUITests.xctest; sourceTree = BUILT_PRODUCTS_DIR; };
		2EAD9DF51FA25DF100CE52CF /* BunPuroUITests.swift */ = {isa = PBXFileReference; lastKnownFileType = sourcecode.swift; path = BunPuroUITests.swift; sourceTree = "<group>"; };
		2EAD9DF71FA25DF100CE52CF /* Info.plist */ = {isa = PBXFileReference; lastKnownFileType = text.plist.xml; path = Info.plist; sourceTree = "<group>"; };
		2EB4564C1FE4710C003CDD65 /* DetailCell.swift */ = {isa = PBXFileReference; lastKnownFileType = sourcecode.swift; path = DetailCell.swift; sourceTree = "<group>"; };
		2EBA417422EA003500D2765C /* Base */ = {isa = PBXFileReference; lastKnownFileType = file.storyboard; name = Base; path = Base.lproj/GrammarDetail.storyboard; sourceTree = "<group>"; };
		2EBB70B820164EBA001AE42E /* Account+Initializer.swift */ = {isa = PBXFileReference; lastKnownFileType = sourcecode.swift; path = "Account+Initializer.swift"; sourceTree = "<group>"; };
		2EBB70BA20165021001AE42E /* Sentence+Initializer.swift */ = {isa = PBXFileReference; lastKnownFileType = sourcecode.swift; path = "Sentence+Initializer.swift"; sourceTree = "<group>"; };
		2EBB70BC201654F9001AE42E /* Link+Initializer.swift */ = {isa = PBXFileReference; lastKnownFileType = sourcecode.swift; path = "Link+Initializer.swift"; sourceTree = "<group>"; };
		2EBB70BE201655A6001AE42E /* Grammar+initializer.swift */ = {isa = PBXFileReference; lastKnownFileType = sourcecode.swift; path = "Grammar+initializer.swift"; sourceTree = "<group>"; };
		2EBB70C420165DF6001AE42E /* Review+Initializer.swift */ = {isa = PBXFileReference; lastKnownFileType = sourcecode.swift; path = "Review+Initializer.swift"; sourceTree = "<group>"; };
		2EBB70C6201667FC001AE42E /* GrammarTeaserCell.swift */ = {isa = PBXFileReference; lastKnownFileType = sourcecode.swift; path = GrammarTeaserCell.swift; sourceTree = "<group>"; };
		2EC73FA124FE9B7E002B4009 /* BunPro 2.xcdatamodel */ = {isa = PBXFileReference; lastKnownFileType = wrapper.xcdatamodel; path = "BunPro 2.xcdatamodel"; sourceTree = "<group>"; };
		2ECBE3E9203B5B8B00F20EE3 /* KanjiTableViewController.swift */ = {isa = PBXFileReference; lastKnownFileType = sourcecode.swift; path = KanjiTableViewController.swift; sourceTree = "<group>"; };
		2ECDB1DD236CB12C00B28A29 /* InformationTableViewController.swift */ = {isa = PBXFileReference; lastKnownFileType = sourcecode.swift; path = InformationTableViewController.swift; sourceTree = "<group>"; };
		2ECDB1DF236CB1D000B28A29 /* privacy.json */ = {isa = PBXFileReference; lastKnownFileType = text.json; path = privacy.json; sourceTree = "<group>"; };
		2ECDB1E1236CB2FA00B28A29 /* Paragraph.swift */ = {isa = PBXFileReference; lastKnownFileType = sourcecode.swift; path = Paragraph.swift; sourceTree = "<group>"; };
		2ECDB1E3236CBED500B28A29 /* about.json */ = {isa = PBXFileReference; lastKnownFileType = text.json; path = about.json; sourceTree = "<group>"; };
		2ECDB1E5236CD89A00B28A29 /* terms.json */ = {isa = PBXFileReference; lastKnownFileType = text.json; path = terms.json; sourceTree = "<group>"; };
		2EE0AEB223299F4B00E4BD64 /* Array+Batch.swift */ = {isa = PBXFileReference; lastKnownFileType = sourcecode.swift; path = "Array+Batch.swift"; sourceTree = "<group>"; };
		2EE7C2181FD8722700DA9AB8 /* SettingsTableViewController.swift */ = {isa = PBXFileReference; lastKnownFileType = sourcecode.swift; path = SettingsTableViewController.swift; sourceTree = "<group>"; };
		2EFB5F9B1FB38D8A004D3DF5 /* BunPro.xcdatamodel */ = {isa = PBXFileReference; lastKnownFileType = wrapper.xcdatamodel; path = BunPro.xcdatamodel; sourceTree = "<group>"; };
		2EFFE3DC2329893500EA74D4 /* Database.swift */ = {isa = PBXFileReference; lastKnownFileType = sourcecode.swift; path = Database.swift; sourceTree = "<group>"; };
		A1225EE6226D7D7400EA2885 /* Date+StatusTableView.swift */ = {isa = PBXFileReference; lastKnownFileType = sourcecode.swift; path = "Date+StatusTableView.swift"; sourceTree = "<group>"; };
		A1225EE8226D7DA300EA2885 /* Collection+Review.swift */ = {isa = PBXFileReference; lastKnownFileType = sourcecode.swift; path = "Collection+Review.swift"; sourceTree = "<group>"; };
		A146F31922702CCE002DC511 /* GrammarFetchedResultsController.swift */ = {isa = PBXFileReference; lastKnownFileType = sourcecode.swift; path = GrammarFetchedResultsController.swift; sourceTree = "<group>"; };
		A146F31B227033C3002DC511 /* GrammarFlowController.swift */ = {isa = PBXFileReference; lastKnownFileType = sourcecode.swift; path = GrammarFlowController.swift; sourceTree = "<group>"; };
		A146F31F22703907002DC511 /* DashboardFetchedResultsController.swift */ = {isa = PBXFileReference; lastKnownFileType = sourcecode.swift; path = DashboardFetchedResultsController.swift; sourceTree = "<group>"; };
		A1D6C147226B568600D25DF1 /* BartyCrouch.swift */ = {isa = PBXFileReference; fileEncoding = 4; lastKnownFileType = sourcecode.swift; path = BartyCrouch.swift; sourceTree = "<group>"; };
		A1D6C14B226B56A200D25DF1 /* Strings.swift */ = {isa = PBXFileReference; fileEncoding = 4; lastKnownFileType = sourcecode.swift; path = Strings.swift; sourceTree = "<group>"; };
		A1D6C14C226B56A200D25DF1 /* Assets.swift */ = {isa = PBXFileReference; fileEncoding = 4; lastKnownFileType = sourcecode.swift; path = Assets.swift; sourceTree = "<group>"; };
		A1D6C14D226B56A200D25DF1 /* Storyboards.swift */ = {isa = PBXFileReference; fileEncoding = 4; lastKnownFileType = sourcecode.swift; path = Storyboards.swift; sourceTree = "<group>"; };
		A1D6C1A9226BC15900D25DF1 /* Logger.swift */ = {isa = PBXFileReference; lastKnownFileType = sourcecode.swift; path = Logger.swift; sourceTree = "<group>"; };
/* End PBXFileReference section */

/* Begin PBXFrameworksBuildPhase section */
		2EAD9DCD1FA25DF100CE52CF /* Frameworks */ = {
			isa = PBXFrameworksBuildPhase;
			buildActionMask = 2147483647;
			files = (
				2E12CA9D238DDAF900C9B588 /* Combine.framework in Frameworks */,
				2EA878FF22E28570009E5AA9 /* Protocols in Frameworks */,
				2EA878FD22E2856A009E5AA9 /* BunProKit in Frameworks */,
			);
			runOnlyForDeploymentPostprocessing = 0;
		};
		2EAD9DE31FA25DF100CE52CF /* Frameworks */ = {
			isa = PBXFrameworksBuildPhase;
			buildActionMask = 2147483647;
			files = (
			);
			runOnlyForDeploymentPostprocessing = 0;
		};
		2EAD9DEE1FA25DF100CE52CF /* Frameworks */ = {
			isa = PBXFrameworksBuildPhase;
			buildActionMask = 2147483647;
			files = (
			);
			runOnlyForDeploymentPostprocessing = 0;
		};
/* End PBXFrameworksBuildPhase section */

/* Begin PBXGroup section */
		2E13066022BD8C1F00AA0C0D /* Frameworks */ = {
			isa = PBXGroup;
			children = (
				2E12CA9C238DDAF900C9B588 /* Combine.framework */,
			);
			name = Frameworks;
			sourceTree = "<group>";
		};
		2E27E5881FBB55EF002D906F /* Extensions */ = {
			isa = PBXGroup;
			children = (
				A1225EE8226D7DA300EA2885 /* Collection+Review.swift */,
				A1225EE6226D7D7400EA2885 /* Date+StatusTableView.swift */,
				2E3EE11C1FF4EF870027C924 /* String+Furigana.swift */,
				2E1DCA281FC4E722002E67D6 /* String+HTMLAttributedString.swift */,
				2EE0AEB223299F4B00E4BD64 /* Array+Batch.swift */,
				2E528A20234898740061A92D /* UserDefaults+Custom.swift */,
				2E8237EF239402E500438E24 /* UIImage+System.swift */,
			);
			path = Extensions;
			sourceTree = "<group>";
		};
		2E30749F1FACF96E0078725B /* Supporting Files */ = {
			isa = PBXGroup;
			children = (
				2E48ABB420C1A19400BA660B /* apple-app-site-association */,
				2E59790E20C6E6AD0007E9BE /* BunPuro-Bridging-Header.h */,
				2EAD9DE11FA25DF100CE52CF /* Info.plist */,
				2E7B3697208516B200542BB8 /* Localizable.stringsdict */,
				A1D6C147226B568600D25DF1 /* BartyCrouch.swift */,
				2E3074921FACF9640078725B /* InfoPlist.strings */,
				2EAD9DDE1FA25DF100CE52CF /* LaunchScreen.storyboard */,
				2E30749E1FACF9660078725B /* Localizable.strings */,
				2EBB70B720164E9F001AE42E /* Model */,
			);
			path = "Supporting Files";
			sourceTree = "<group>";
		};
		2E6755881FFFE9FF00BD10EB /* UI */ = {
			isa = PBXGroup;
			children = (
				2E78A15E2017AEFE0040D928 /* BasicInfoCell.swift */,
				2EB4564C1FE4710C003CDD65 /* DetailCell.swift */,
				2E7B36912078144B00542BB8 /* GrammarHeaderTableViewCell.swift */,
				2EBB70C6201667FC001AE42E /* GrammarTeaserCell.swift */,
				2E46864320694E8000DE4F06 /* HimitsuTableViewCell.swift */,
				2E7B368F2077E1DA00542BB8 /* JLPTProgressTableViewCell.swift */,
				2E32A9AA209EEF16003406CA /* SignUpTableViewCell.swift */,
				2E7B368D2077DFE600542BB8 /* StatusTableViewCell.swift */,
			);
			path = UI;
			sourceTree = "<group>";
		};
		2E6755891FFFEA1200BD10EB /* Notification */ = {
			isa = PBXGroup;
			children = (
				2EA4612A1FABAA4500B4F3BD /* UserNotificationCenter.swift */,
			);
			path = Notification;
			sourceTree = "<group>";
		};
		2E67558A1FFFEA2900BD10EB /* Dasboard */ = {
			isa = PBXGroup;
			children = (
				A146F31F22703907002DC511 /* DashboardFetchedResultsController.swift */,
				2EAD9DD51FA25DF100CE52CF /* DashboardTableViewController.swift */,
				2E6C97072372269B00073707 /* StatusObserver.swift */,
			);
			path = Dasboard;
			sourceTree = "<group>";
		};
		2E67558B1FFFEA3C00BD10EB /* Grammar */ = {
			isa = PBXGroup;
			children = (
				2EA29AA62391C4D9003B50A9 /* DiffableSearchDataSource.swift */,
				A146F31922702CCE002DC511 /* GrammarFetchedResultsController.swift */,
				A146F31B227033C3002DC511 /* GrammarFlowController.swift */,
				2E8237F523945FD800438E24 /* GrammarPreviewViewController.swift */,
				2E1DCA241FC49A72002E67D6 /* GrammarTableViewController.swift */,
				2ECBE3E9203B5B8B00F20EE3 /* KanjiTableViewController.swift */,
				2E2FE36422E61DBB001C0E36 /* ReadingsTableViewController.swift */,
				2E8237F12394186500438E24 /* SearchableDataSource.swift */,
				2E8237F32394200400438E24 /* SearchProvider.swift */,
				2EA29AA42391C39B003B50A9 /* SearchTableViewController.swift */,
				2E8237ED239401A300438E24 /* SearchTableViewController+ContextMenu.swift */,
				2E2AAEBA22E4DFDE00E227B0 /* SentencesTableViewController.swift */,
				2E82B77D2393FD07003AF22C /* TrailingSwipeActionsConfigurationProvider.swift */,
			);
			path = Grammar;
			sourceTree = "<group>";
		};
		2E67558C1FFFEA5000BD10EB /* Settings */ = {
			isa = PBXGroup;
			children = (
				2EE7C2181FD8722700DA9AB8 /* SettingsTableViewController.swift */,
			);
			path = Settings;
			sourceTree = "<group>";
		};
		2E76350C24BB85B800E35072 /* Screens */ = {
			isa = PBXGroup;
			children = (
				2E688B03251A79E6003E93E1 /* MainSplitViewController.swift */,
				2E67558A1FFFEA2900BD10EB /* Dasboard */,
				2E67558B1FFFEA3C00BD10EB /* Grammar */,
				2E67558C1FFFEA5000BD10EB /* Settings */,
			);
			path = Screens;
			sourceTree = "<group>";
		};
		2E76350D24BB874A00E35072 /* Shared */ = {
			isa = PBXGroup;
			children = (
				2EBB23F624BB698D006B9302 /* Database */,
			);
			path = Shared;
			sourceTree = "<group>";
		};
		2E8BC11423A15FD200DF1562 /* Property Wrappers */ = {
			isa = PBXGroup;
			children = (
				2E8BC11523A15FE100DF1562 /* Trimmed.swift */,
				2E8BC11723A1600C00DF1562 /* Stored.swift */,
			);
			path = "Property Wrappers";
			sourceTree = "<group>";
		};
		2EAD9DC71FA25DF100CE52CF = {
			isa = PBXGroup;
			children = (
				2EA878FA22E2852C009E5AA9 /* Protocols */,
				2EA878FB22E28544009E5AA9 /* BunProKit */,
				2E76350D24BB874A00E35072 /* Shared */,
				2EAD9DD21FA25DF100CE52CF /* iOS */,
				2EAD9DE91FA25DF100CE52CF /* iOSTests */,
				2EAD9DF41FA25DF100CE52CF /* iOSUITests */,
				2E13066022BD8C1F00AA0C0D /* Frameworks */,
				2EAD9DD11FA25DF100CE52CF /* Products */,
			);
			sourceTree = "<group>";
		};
		2EAD9DD11FA25DF100CE52CF /* Products */ = {
			isa = PBXGroup;
			children = (
				2EAD9DD01FA25DF100CE52CF /* iOS.app */,
				2EAD9DE61FA25DF100CE52CF /* iOSTests.xctest */,
				2EAD9DF11FA25DF100CE52CF /* iOSUITests.xctest */,
			);
			name = Products;
			sourceTree = "<group>";
		};
		2EAD9DD21FA25DF100CE52CF /* iOS */ = {
			isa = PBXGroup;
			children = (
				2E48ABB520C1A3DD00BA660B /* BunPuro.entitlements */,
				2EAD9DD31FA25DF100CE52CF /* AppDelegate.swift */,
				2EAD9DDC1FA25DF100CE52CF /* Assets.xcassets */,
				A1D6C149226B56A200D25DF1 /* Generated */,
				A1D6C1A8226BC14700D25DF1 /* Globals */,
				2E6755891FFFEA1200BD10EB /* Notification */,
				2E76350C24BB85B800E35072 /* Screens */,
				2EBB23F524BB6682006B9302 /* Shortcuts */,
				2EBB23F424BB6652006B9302 /* Storyboards */,
				2E30749F1FACF96E0078725B /* Supporting Files */,
				2E6755881FFFE9FF00BD10EB /* UI */,
				2ECDB1DC236CB0FE00B28A29 /* Web */,
			);
			path = iOS;
			sourceTree = "<group>";
		};
		2EAD9DE91FA25DF100CE52CF /* iOSTests */ = {
			isa = PBXGroup;
			children = (
				2EAD9DEA1FA25DF100CE52CF /* BunPuroTests.swift */,
				2EAD9DEC1FA25DF100CE52CF /* Info.plist */,
			);
			path = iOSTests;
			sourceTree = "<group>";
		};
		2EAD9DF41FA25DF100CE52CF /* iOSUITests */ = {
			isa = PBXGroup;
			children = (
				2EAD9DF51FA25DF100CE52CF /* BunPuroUITests.swift */,
				2EAD9DF71FA25DF100CE52CF /* Info.plist */,
			);
			path = iOSUITests;
			sourceTree = "<group>";
		};
		2EBB23F424BB6652006B9302 /* Storyboards */ = {
			isa = PBXGroup;
			children = (
				2EBA417322EA003500D2765C /* GrammarDetail.storyboard */,
				2EAD9DD91FA25DF100CE52CF /* Main.storyboard */,
				2E40190924BA3E1F007B74C7 /* Settings.storyboard */,
			);
			path = Storyboards;
			sourceTree = "<group>";
		};
		2EBB23F524BB6682006B9302 /* Shortcuts */ = {
			isa = PBXGroup;
			children = (
				2E0EB073217E5300005E8B78 /* NSUserActivity+Shortcuts.swift */,
			);
			path = Shortcuts;
			sourceTree = "<group>";
		};
		2EBB23F624BB698D006B9302 /* Database */ = {
			isa = PBXGroup;
			children = (
				2EFFE3DC2329893500EA74D4 /* Database.swift */,
				2E1BFFA2200FBC8C00985446 /* DataManager.swift */,
			);
			path = Database;
			sourceTree = "<group>";
		};
		2EBB70B720164E9F001AE42E /* Model */ = {
			isa = PBXGroup;
			children = (
				2EFB5F9A1FB38D8A004D3DF5 /* BunPro.xcdatamodeld */,
				2EBB70B820164EBA001AE42E /* Account+Initializer.swift */,
				2EBB70BA20165021001AE42E /* Sentence+Initializer.swift */,
				2EBB70BC201654F9001AE42E /* Link+Initializer.swift */,
				2EBB70BE201655A6001AE42E /* Grammar+initializer.swift */,
				2EBB70C420165DF6001AE42E /* Review+Initializer.swift */,
				2E3D43C7201B559A00B4D5EF /* BunPro.sqlite */,
				2E3D43C5201B559A00B4D5EF /* BunPro.sqlite-shm */,
				2E3D43C6201B559A00B4D5EF /* BunPro.sqlite-wal */,
			);
			path = Model;
			sourceTree = "<group>";
		};
		2ECDB1DC236CB0FE00B28A29 /* Web */ = {
			isa = PBXGroup;
			children = (
				2ECDB1E3236CBED500B28A29 /* about.json */,
				2ECDB1DD236CB12C00B28A29 /* InformationTableViewController.swift */,
				2ECDB1E1236CB2FA00B28A29 /* Paragraph.swift */,
				2ECDB1DF236CB1D000B28A29 /* privacy.json */,
				2ECDB1E5236CD89A00B28A29 /* terms.json */,
			);
			path = Web;
			sourceTree = "<group>";
		};
		A1D6C149226B56A200D25DF1 /* Generated */ = {
			isa = PBXGroup;
			children = (
				A1D6C14A226B56A200D25DF1 /* SwiftGen */,
			);
			path = Generated;
			sourceTree = "<group>";
		};
		A1D6C14A226B56A200D25DF1 /* SwiftGen */ = {
			isa = PBXGroup;
			children = (
				A1D6C14C226B56A200D25DF1 /* Assets.swift */,
				A1D6C14D226B56A200D25DF1 /* Storyboards.swift */,
				A1D6C14B226B56A200D25DF1 /* Strings.swift */,
			);
			path = SwiftGen;
			sourceTree = "<group>";
		};
		A1D6C1A8226BC14700D25DF1 /* Globals */ = {
			isa = PBXGroup;
			children = (
				2E1DCA2A1FC5F84F002E67D6 /* CoreDataFetchedResultsTableViewController.swift */,
				A1D6C1A9226BC15900D25DF1 /* Logger.swift */,
				2E8BC11223A05EFD00DF1562 /* Settings.swift */,
				2E27E5881FBB55EF002D906F /* Extensions */,
				2E8BC11423A15FD200DF1562 /* Property Wrappers */,
			);
			path = Globals;
			sourceTree = "<group>";
		};
/* End PBXGroup section */

/* Begin PBXNativeTarget section */
		2EAD9DCF1FA25DF100CE52CF /* iOS */ = {
			isa = PBXNativeTarget;
			buildConfigurationList = 2EAD9DFA1FA25DF100CE52CF /* Build configuration list for PBXNativeTarget "iOS" */;
			buildPhases = (
				A1225ED9226CD6F600EA2885 /* BartyCrouch */,
				A1225EDB226CD70100EA2885 /* SwiftGen */,
				A1225EDA226CD6FC00EA2885 /* SwiftLint */,
				2EAD9DCC1FA25DF100CE52CF /* Sources */,
				2EAD9DCD1FA25DF100CE52CF /* Frameworks */,
				2EAD9DCE1FA25DF100CE52CF /* Resources */,
				2EAD9E221FA26EB400CE52CF /* Embed Frameworks */,
			);
			buildRules = (
			);
			dependencies = (
			);
			name = iOS;
			packageProductDependencies = (
				2EA878FC22E2856A009E5AA9 /* BunProKit */,
				2EA878FE22E28570009E5AA9 /* Protocols */,
			);
			productName = BunPuro;
			productReference = 2EAD9DD01FA25DF100CE52CF /* iOS.app */;
			productType = "com.apple.product-type.application";
		};
		2EAD9DE51FA25DF100CE52CF /* iOSTests */ = {
			isa = PBXNativeTarget;
			buildConfigurationList = 2EAD9DFD1FA25DF100CE52CF /* Build configuration list for PBXNativeTarget "iOSTests" */;
			buildPhases = (
				2EAD9DE21FA25DF100CE52CF /* Sources */,
				2EAD9DE31FA25DF100CE52CF /* Frameworks */,
				2EAD9DE41FA25DF100CE52CF /* Resources */,
			);
			buildRules = (
			);
			dependencies = (
				2EAD9DE81FA25DF100CE52CF /* PBXTargetDependency */,
			);
			name = iOSTests;
			productName = BunPuroTests;
			productReference = 2EAD9DE61FA25DF100CE52CF /* iOSTests.xctest */;
			productType = "com.apple.product-type.bundle.unit-test";
		};
		2EAD9DF01FA25DF100CE52CF /* iOSUITests */ = {
			isa = PBXNativeTarget;
			buildConfigurationList = 2EAD9E001FA25DF100CE52CF /* Build configuration list for PBXNativeTarget "iOSUITests" */;
			buildPhases = (
				2EAD9DED1FA25DF100CE52CF /* Sources */,
				2EAD9DEE1FA25DF100CE52CF /* Frameworks */,
				2EAD9DEF1FA25DF100CE52CF /* Resources */,
			);
			buildRules = (
			);
			dependencies = (
				2EAD9DF31FA25DF100CE52CF /* PBXTargetDependency */,
			);
			name = iOSUITests;
			productName = BunPuroUITests;
			productReference = 2EAD9DF11FA25DF100CE52CF /* iOSUITests.xctest */;
			productType = "com.apple.product-type.bundle.ui-testing";
		};
/* End PBXNativeTarget section */

/* Begin PBXProject section */
		2EAD9DC81FA25DF100CE52CF /* Project object */ = {
			isa = PBXProject;
			attributes = {
				LastSwiftUpdateCheck = 0920;
				LastUpgradeCheck = 1200;
				ORGANIZATIONNAME = "Andreas Braun";
				TargetAttributes = {
					2EAD9DCF1FA25DF100CE52CF = {
						CreatedOnToolsVersion = 9.0.1;
						LastSwiftMigration = 1020;
						SystemCapabilities = {
							com.apple.BackgroundModes = {
								enabled = 1;
							};
							com.apple.SafariKeychain = {
								enabled = 1;
							};
						};
					};
					2EAD9DE51FA25DF100CE52CF = {
						CreatedOnToolsVersion = 9.0.1;
						LastSwiftMigration = 1020;
						ProvisioningStyle = Automatic;
						TestTargetID = 2EAD9DCF1FA25DF100CE52CF;
					};
					2EAD9DF01FA25DF100CE52CF = {
						CreatedOnToolsVersion = 9.0.1;
						LastSwiftMigration = 1020;
						ProvisioningStyle = Automatic;
						TestTargetID = 2EAD9DCF1FA25DF100CE52CF;
					};
				};
			};
			buildConfigurationList = 2EAD9DCB1FA25DF100CE52CF /* Build configuration list for PBXProject "BunPuro" */;
			compatibilityVersion = "Xcode 8.0";
			developmentRegion = en;
			hasScannedForEncodings = 0;
			knownRegions = (
				en,
				Base,
			);
			mainGroup = 2EAD9DC71FA25DF100CE52CF;
			packageReferences = (
			);
			productRefGroup = 2EAD9DD11FA25DF100CE52CF /* Products */;
			projectDirPath = "";
			projectRoot = "";
			targets = (
				2EAD9DCF1FA25DF100CE52CF /* iOS */,
				2EAD9DE51FA25DF100CE52CF /* iOSTests */,
				2EAD9DF01FA25DF100CE52CF /* iOSUITests */,
			);
		};
/* End PBXProject section */

/* Begin PBXResourcesBuildPhase section */
		2EAD9DCE1FA25DF100CE52CF /* Resources */ = {
			isa = PBXResourcesBuildPhase;
			buildActionMask = 2147483647;
			files = (
				2E30749C1FACF9660078725B /* Localizable.strings in Resources */,
				2EAD9DE01FA25DF100CE52CF /* LaunchScreen.storyboard in Resources */,
				2E7B3698208516B200542BB8 /* Localizable.stringsdict in Resources */,
				2EBA417522EA003500D2765C /* GrammarDetail.storyboard in Resources */,
				2E3D43C8201B559A00B4D5EF /* BunPro.sqlite-shm in Resources */,
				2ECDB1E0236CB1D000B28A29 /* privacy.json in Resources */,
				2E3D43CA201B559A00B4D5EF /* BunPro.sqlite in Resources */,
				2E3D43C9201B559A00B4D5EF /* BunPro.sqlite-wal in Resources */,
				2ECDB1E6236CDBA400B28A29 /* terms.json in Resources */,
				2E3074901FACF9640078725B /* InfoPlist.strings in Resources */,
				2ECDB1E4236CBED500B28A29 /* about.json in Resources */,
				2EAD9DDD1FA25DF100CE52CF /* Assets.xcassets in Resources */,
				2EAD9DDB1FA25DF100CE52CF /* Main.storyboard in Resources */,
				2E40190A24BA3E1F007B74C7 /* Settings.storyboard in Resources */,
			);
			runOnlyForDeploymentPostprocessing = 0;
		};
		2EAD9DE41FA25DF100CE52CF /* Resources */ = {
			isa = PBXResourcesBuildPhase;
			buildActionMask = 2147483647;
			files = (
			);
			runOnlyForDeploymentPostprocessing = 0;
		};
		2EAD9DEF1FA25DF100CE52CF /* Resources */ = {
			isa = PBXResourcesBuildPhase;
			buildActionMask = 2147483647;
			files = (
			);
			runOnlyForDeploymentPostprocessing = 0;
		};
/* End PBXResourcesBuildPhase section */

/* Begin PBXShellScriptBuildPhase section */
		A1225ED9226CD6F600EA2885 /* BartyCrouch */ = {
			isa = PBXShellScriptBuildPhase;
			buildActionMask = 2147483647;
			files = (
			);
			inputFileListPaths = (
			);
			inputPaths = (
			);
			name = BartyCrouch;
			outputFileListPaths = (
			);
			outputPaths = (
			);
			runOnlyForDeploymentPostprocessing = 0;
			shellPath = /bin/sh;
			shellScript = "if which bartycrouch > /dev/null; then\n    bartycrouch update -x\n    bartycrouch lint -x\nelse\n    echo \"warning: BartyCrouch not installed, download it from https://github.com/Flinesoft/BartyCrouch\"\nfi\n";
		};
		A1225EDA226CD6FC00EA2885 /* SwiftLint */ = {
			isa = PBXShellScriptBuildPhase;
			buildActionMask = 2147483647;
			files = (
			);
			inputFileListPaths = (
			);
			inputPaths = (
			);
			name = SwiftLint;
			outputFileListPaths = (
			);
			outputPaths = (
			);
			runOnlyForDeploymentPostprocessing = 0;
			shellPath = /bin/sh;
			shellScript = "if which swiftlint > /dev/null; then\n    swiftlint autocorrect\n    swiftlint --quiet\nelse\n    echo \"warning: SwiftLint not installed, download it from https://github.com/realm/SwiftLint\"\nfi\n";
		};
		A1225EDB226CD70100EA2885 /* SwiftGen */ = {
			isa = PBXShellScriptBuildPhase;
			buildActionMask = 2147483647;
			files = (
			);
			inputFileListPaths = (
			);
			inputPaths = (
			);
			name = SwiftGen;
			outputFileListPaths = (
			);
			outputPaths = (
			);
			runOnlyForDeploymentPostprocessing = 0;
			shellPath = /bin/sh;
			shellScript = "if which swiftgen > /dev/null; then\n    swiftgen\nelse\n    echo \"warning: SwiftGen not installed, download it from https://github.com/AliSoftware/SwiftGen\"\nfi\n";
		};
/* End PBXShellScriptBuildPhase section */

/* Begin PBXSourcesBuildPhase section */
		2EAD9DCC1FA25DF100CE52CF /* Sources */ = {
			isa = PBXSourcesBuildPhase;
			buildActionMask = 2147483647;
			files = (
				2E0EB074217E5300005E8B78 /* NSUserActivity+Shortcuts.swift in Sources */,
				2EA29AA72391C4D9003B50A9 /* DiffableSearchDataSource.swift in Sources */,
				2EA4612B1FABAA4500B4F3BD /* UserNotificationCenter.swift in Sources */,
				2EBB70BB20165021001AE42E /* Sentence+Initializer.swift in Sources */,
				2E1BFFA3200FBC8C00985446 /* DataManager.swift in Sources */,
				2EBB70C7201667FC001AE42E /* GrammarTeaserCell.swift in Sources */,
				2E8237EE239401A300438E24 /* SearchTableViewController+ContextMenu.swift in Sources */,
				2E2AAEBB22E4DFDE00E227B0 /* SentencesTableViewController.swift in Sources */,
				A1D6C148226B568700D25DF1 /* BartyCrouch.swift in Sources */,
				A1225EE7226D7D7400EA2885 /* Date+StatusTableView.swift in Sources */,
				A146F32022703907002DC511 /* DashboardFetchedResultsController.swift in Sources */,
				2E46864420694E8000DE4F06 /* HimitsuTableViewCell.swift in Sources */,
				2EFFE3DD2329893500EA74D4 /* Database.swift in Sources */,
				2E1DCA251FC49A72002E67D6 /* GrammarTableViewController.swift in Sources */,
				2E8BC11623A15FE100DF1562 /* Trimmed.swift in Sources */,
				2E7B368E2077DFE600542BB8 /* StatusTableViewCell.swift in Sources */,
				2E2FE36522E61DBB001C0E36 /* ReadingsTableViewController.swift in Sources */,
				A146F31C227033C3002DC511 /* GrammarFlowController.swift in Sources */,
				2E8BC11823A1600C00DF1562 /* Stored.swift in Sources */,
				2ECDB1E2236CB2FA00B28A29 /* Paragraph.swift in Sources */,
				2E688B04251A79E6003E93E1 /* MainSplitViewController.swift in Sources */,
				2E78A15F2017AEFE0040D928 /* BasicInfoCell.swift in Sources */,
				2E32A9AB209EEF16003406CA /* SignUpTableViewCell.swift in Sources */,
				2EBB70BF201655A6001AE42E /* Grammar+initializer.swift in Sources */,
				2E8237F0239402E500438E24 /* UIImage+System.swift in Sources */,
				2EB4564D1FE4710C003CDD65 /* DetailCell.swift in Sources */,
				A1D6C14E226B56A200D25DF1 /* Strings.swift in Sources */,
				A1225EE9226D7DA300EA2885 /* Collection+Review.swift in Sources */,
				2E82B77E2393FD07003AF22C /* TrailingSwipeActionsConfigurationProvider.swift in Sources */,
				2E8237F22394186500438E24 /* SearchableDataSource.swift in Sources */,
				2E3EE11D1FF4EF870027C924 /* String+Furigana.swift in Sources */,
				A1D6C14F226B56A200D25DF1 /* Assets.swift in Sources */,
				2EE0AEB323299F4B00E4BD64 /* Array+Batch.swift in Sources */,
				2EBB70BD201654F9001AE42E /* Link+Initializer.swift in Sources */,
				2E528A21234898740061A92D /* UserDefaults+Custom.swift in Sources */,
				2E8237F623945FD800438E24 /* GrammarPreviewViewController.swift in Sources */,
				2EAD9DD41FA25DF100CE52CF /* AppDelegate.swift in Sources */,
				2E7B36902077E1DA00542BB8 /* JLPTProgressTableViewCell.swift in Sources */,
				A146F31A22702CCE002DC511 /* GrammarFetchedResultsController.swift in Sources */,
				2E8BC11323A05EFD00DF1562 /* Settings.swift in Sources */,
				2EBB70C520165DF6001AE42E /* Review+Initializer.swift in Sources */,
				2E8237F42394200400438E24 /* SearchProvider.swift in Sources */,
				2E1DCA291FC4E722002E67D6 /* String+HTMLAttributedString.swift in Sources */,
				2ECBE3EA203B5B8B00F20EE3 /* KanjiTableViewController.swift in Sources */,
				2EFB5F9C1FB38D8A004D3DF5 /* BunPro.xcdatamodeld in Sources */,
				2E1DCA2B1FC5F84F002E67D6 /* CoreDataFetchedResultsTableViewController.swift in Sources */,
				2E7B36922078144B00542BB8 /* GrammarHeaderTableViewCell.swift in Sources */,
				2EE7C2191FD8722700DA9AB8 /* SettingsTableViewController.swift in Sources */,
				2E6C97082372269B00073707 /* StatusObserver.swift in Sources */,
				2EAD9DD61FA25DF100CE52CF /* DashboardTableViewController.swift in Sources */,
				2ECDB1DE236CB12C00B28A29 /* InformationTableViewController.swift in Sources */,
				A1D6C1AA226BC15900D25DF1 /* Logger.swift in Sources */,
				2EA29AA52391C39B003B50A9 /* SearchTableViewController.swift in Sources */,
				2EBB70B920164EBA001AE42E /* Account+Initializer.swift in Sources */,
				A1D6C150226B56A200D25DF1 /* Storyboards.swift in Sources */,
			);
			runOnlyForDeploymentPostprocessing = 0;
		};
		2EAD9DE21FA25DF100CE52CF /* Sources */ = {
			isa = PBXSourcesBuildPhase;
			buildActionMask = 2147483647;
			files = (
				2EAD9DEB1FA25DF100CE52CF /* BunPuroTests.swift in Sources */,
			);
			runOnlyForDeploymentPostprocessing = 0;
		};
		2EAD9DED1FA25DF100CE52CF /* Sources */ = {
			isa = PBXSourcesBuildPhase;
			buildActionMask = 2147483647;
			files = (
				2EAD9DF61FA25DF100CE52CF /* BunPuroUITests.swift in Sources */,
			);
			runOnlyForDeploymentPostprocessing = 0;
		};
/* End PBXSourcesBuildPhase section */

/* Begin PBXTargetDependency section */
		2EAD9DE81FA25DF100CE52CF /* PBXTargetDependency */ = {
			isa = PBXTargetDependency;
			target = 2EAD9DCF1FA25DF100CE52CF /* iOS */;
			targetProxy = 2EAD9DE71FA25DF100CE52CF /* PBXContainerItemProxy */;
		};
		2EAD9DF31FA25DF100CE52CF /* PBXTargetDependency */ = {
			isa = PBXTargetDependency;
			target = 2EAD9DCF1FA25DF100CE52CF /* iOS */;
			targetProxy = 2EAD9DF21FA25DF100CE52CF /* PBXContainerItemProxy */;
		};
/* End PBXTargetDependency section */

/* Begin PBXVariantGroup section */
		2E3074921FACF9640078725B /* InfoPlist.strings */ = {
			isa = PBXVariantGroup;
			children = (
				2E3074911FACF9640078725B /* en */,
			);
			name = InfoPlist.strings;
			sourceTree = "<group>";
		};
		2E30749E1FACF9660078725B /* Localizable.strings */ = {
			isa = PBXVariantGroup;
			children = (
				2E30749D1FACF9660078725B /* en */,
			);
			name = Localizable.strings;
			sourceTree = "<group>";
		};
		2EAD9DD91FA25DF100CE52CF /* Main.storyboard */ = {
			isa = PBXVariantGroup;
			children = (
				2EAD9DDA1FA25DF100CE52CF /* Base */,
			);
			name = Main.storyboard;
			sourceTree = "<group>";
		};
		2EAD9DDE1FA25DF100CE52CF /* LaunchScreen.storyboard */ = {
			isa = PBXVariantGroup;
			children = (
				2EAD9DDF1FA25DF100CE52CF /* Base */,
				2E3074981FACF9660078725B /* en */,
			);
			name = LaunchScreen.storyboard;
			sourceTree = "<group>";
		};
		2EBA417322EA003500D2765C /* GrammarDetail.storyboard */ = {
			isa = PBXVariantGroup;
			children = (
				2EBA417422EA003500D2765C /* Base */,
			);
			name = GrammarDetail.storyboard;
			sourceTree = "<group>";
		};
/* End PBXVariantGroup section */

/* Begin XCBuildConfiguration section */
		2EAD9DF81FA25DF100CE52CF /* Debug */ = {
			isa = XCBuildConfiguration;
			buildSettings = {
				ALWAYS_SEARCH_USER_PATHS = NO;
				CLANG_ANALYZER_NONNULL = YES;
				CLANG_ANALYZER_NUMBER_OBJECT_CONVERSION = YES_AGGRESSIVE;
				CLANG_CXX_LANGUAGE_STANDARD = "gnu++14";
				CLANG_CXX_LIBRARY = "libc++";
				CLANG_ENABLE_MODULES = YES;
				CLANG_ENABLE_OBJC_ARC = YES;
				CLANG_WARN_BLOCK_CAPTURE_AUTORELEASING = YES;
				CLANG_WARN_BOOL_CONVERSION = YES;
				CLANG_WARN_COMMA = YES;
				CLANG_WARN_CONSTANT_CONVERSION = YES;
				CLANG_WARN_DEPRECATED_OBJC_IMPLEMENTATIONS = YES;
				CLANG_WARN_DIRECT_OBJC_ISA_USAGE = YES_ERROR;
				CLANG_WARN_DOCUMENTATION_COMMENTS = YES;
				CLANG_WARN_EMPTY_BODY = YES;
				CLANG_WARN_ENUM_CONVERSION = YES;
				CLANG_WARN_INFINITE_RECURSION = YES;
				CLANG_WARN_INT_CONVERSION = YES;
				CLANG_WARN_NON_LITERAL_NULL_CONVERSION = YES;
				CLANG_WARN_OBJC_IMPLICIT_RETAIN_SELF = YES;
				CLANG_WARN_OBJC_LITERAL_CONVERSION = YES;
				CLANG_WARN_OBJC_ROOT_CLASS = YES_ERROR;
				CLANG_WARN_QUOTED_INCLUDE_IN_FRAMEWORK_HEADER = YES;
				CLANG_WARN_RANGE_LOOP_ANALYSIS = YES;
				CLANG_WARN_STRICT_PROTOTYPES = YES;
				CLANG_WARN_SUSPICIOUS_MOVE = YES;
				CLANG_WARN_UNGUARDED_AVAILABILITY = YES_AGGRESSIVE;
				CLANG_WARN_UNREACHABLE_CODE = YES;
				CLANG_WARN__DUPLICATE_METHOD_MATCH = YES;
				CODE_SIGN_IDENTITY = "Apple Development";
				COPY_PHASE_STRIP = NO;
				DEBUG_INFORMATION_FORMAT = dwarf;
				DEVELOPMENT_TEAM = 549QX23F59;
				ENABLE_STRICT_OBJC_MSGSEND = YES;
				ENABLE_TESTABILITY = YES;
				GCC_C_LANGUAGE_STANDARD = gnu11;
				GCC_DYNAMIC_NO_PIC = NO;
				GCC_NO_COMMON_BLOCKS = YES;
				GCC_OPTIMIZATION_LEVEL = 0;
				GCC_PREPROCESSOR_DEFINITIONS = (
					"DEBUG=1",
					"$(inherited)",
				);
				GCC_WARN_64_TO_32_BIT_CONVERSION = YES;
				GCC_WARN_ABOUT_RETURN_TYPE = YES_ERROR;
				GCC_WARN_UNDECLARED_SELECTOR = YES;
				GCC_WARN_UNINITIALIZED_AUTOS = YES_AGGRESSIVE;
				GCC_WARN_UNUSED_FUNCTION = YES;
				GCC_WARN_UNUSED_VARIABLE = YES;
				IPHONEOS_DEPLOYMENT_TARGET = 13.0;
				LD_RUNPATH_SEARCH_PATHS = "@executable_path/Frameworks";
				MTL_ENABLE_DEBUG_INFO = YES;
				ONLY_ACTIVE_ARCH = YES;
				SDKROOT = iphoneos;
				SWIFT_ACTIVE_COMPILATION_CONDITIONS = DEBUG;
				SWIFT_OPTIMIZATION_LEVEL = "-Onone";
				SWIFT_SWIFT3_OBJC_INFERENCE = Off;
				SWIFT_VERSION = 5.0;
			};
			name = Debug;
		};
		2EAD9DF91FA25DF100CE52CF /* Release */ = {
			isa = XCBuildConfiguration;
			buildSettings = {
				ALWAYS_SEARCH_USER_PATHS = NO;
				CLANG_ANALYZER_NONNULL = YES;
				CLANG_ANALYZER_NUMBER_OBJECT_CONVERSION = YES_AGGRESSIVE;
				CLANG_CXX_LANGUAGE_STANDARD = "gnu++14";
				CLANG_CXX_LIBRARY = "libc++";
				CLANG_ENABLE_MODULES = YES;
				CLANG_ENABLE_OBJC_ARC = YES;
				CLANG_WARN_BLOCK_CAPTURE_AUTORELEASING = YES;
				CLANG_WARN_BOOL_CONVERSION = YES;
				CLANG_WARN_COMMA = YES;
				CLANG_WARN_CONSTANT_CONVERSION = YES;
				CLANG_WARN_DEPRECATED_OBJC_IMPLEMENTATIONS = YES;
				CLANG_WARN_DIRECT_OBJC_ISA_USAGE = YES_ERROR;
				CLANG_WARN_DOCUMENTATION_COMMENTS = YES;
				CLANG_WARN_EMPTY_BODY = YES;
				CLANG_WARN_ENUM_CONVERSION = YES;
				CLANG_WARN_INFINITE_RECURSION = YES;
				CLANG_WARN_INT_CONVERSION = YES;
				CLANG_WARN_NON_LITERAL_NULL_CONVERSION = YES;
				CLANG_WARN_OBJC_IMPLICIT_RETAIN_SELF = YES;
				CLANG_WARN_OBJC_LITERAL_CONVERSION = YES;
				CLANG_WARN_OBJC_ROOT_CLASS = YES_ERROR;
				CLANG_WARN_QUOTED_INCLUDE_IN_FRAMEWORK_HEADER = YES;
				CLANG_WARN_RANGE_LOOP_ANALYSIS = YES;
				CLANG_WARN_STRICT_PROTOTYPES = YES;
				CLANG_WARN_SUSPICIOUS_MOVE = YES;
				CLANG_WARN_UNGUARDED_AVAILABILITY = YES_AGGRESSIVE;
				CLANG_WARN_UNREACHABLE_CODE = YES;
				CLANG_WARN__DUPLICATE_METHOD_MATCH = YES;
				CODE_SIGN_IDENTITY = "Apple Development";
				COPY_PHASE_STRIP = NO;
				DEBUG_INFORMATION_FORMAT = "dwarf-with-dsym";
				DEVELOPMENT_TEAM = 549QX23F59;
				ENABLE_NS_ASSERTIONS = NO;
				ENABLE_STRICT_OBJC_MSGSEND = YES;
				GCC_C_LANGUAGE_STANDARD = gnu11;
				GCC_NO_COMMON_BLOCKS = YES;
				GCC_WARN_64_TO_32_BIT_CONVERSION = YES;
				GCC_WARN_ABOUT_RETURN_TYPE = YES_ERROR;
				GCC_WARN_UNDECLARED_SELECTOR = YES;
				GCC_WARN_UNINITIALIZED_AUTOS = YES_AGGRESSIVE;
				GCC_WARN_UNUSED_FUNCTION = YES;
				GCC_WARN_UNUSED_VARIABLE = YES;
				IPHONEOS_DEPLOYMENT_TARGET = 13.0;
				LD_RUNPATH_SEARCH_PATHS = "@executable_path/Frameworks";
				MTL_ENABLE_DEBUG_INFO = NO;
				SDKROOT = iphoneos;
				SWIFT_COMPILATION_MODE = wholemodule;
				SWIFT_OPTIMIZATION_LEVEL = "-O";
				SWIFT_SWIFT3_OBJC_INFERENCE = Off;
				SWIFT_VERSION = 5.0;
				VALIDATE_PRODUCT = YES;
			};
			name = Release;
		};
		2EAD9DFB1FA25DF100CE52CF /* Debug */ = {
			isa = XCBuildConfiguration;
			buildSettings = {
				ALWAYS_EMBED_SWIFT_STANDARD_LIBRARIES = NO;
				ASSETCATALOG_COMPILER_APPICON_NAME = AppIcon;
				CLANG_ENABLE_MODULES = YES;
				CODE_SIGN_ENTITLEMENTS = iOS/BunPuro.entitlements;
				CODE_SIGN_IDENTITY = "Apple Development";
				CODE_SIGN_STYLE = Automatic;
				CURRENT_PROJECT_VERSION = 79;
				DEAD_CODE_STRIPPING = NO;
				DEVELOPMENT_TEAM = 549QX23F59;
				INFOPLIST_FILE = "$(SRCROOT)/iOS/Supporting Files/Info.plist";
				IPHONEOS_DEPLOYMENT_TARGET = 13.0;
				LD_RUNPATH_SEARCH_PATHS = (
					"$(inherited)",
					"@executable_path/Frameworks",
				);
				LD_VERIFY_BITCODE = NO;
				MARKETING_VERSION = 1.0.0;
				PRODUCT_BUNDLE_IDENTIFIER = jp.bunpro.bunpro;
				PRODUCT_NAME = "$(TARGET_NAME)";
				PROVISIONING_PROFILE_SPECIFIER = "";
				SWIFT_OPTIMIZATION_LEVEL = "-Onone";
				TARGETED_DEVICE_FAMILY = "1,2";
			};
			name = Debug;
		};
		2EAD9DFC1FA25DF100CE52CF /* Release */ = {
			isa = XCBuildConfiguration;
			buildSettings = {
				ALWAYS_EMBED_SWIFT_STANDARD_LIBRARIES = NO;
				ASSETCATALOG_COMPILER_APPICON_NAME = AppIcon;
				CLANG_ENABLE_MODULES = YES;
				CODE_SIGN_ENTITLEMENTS = iOS/BunPuro.entitlements;
				CODE_SIGN_IDENTITY = "Apple Development";
				CODE_SIGN_STYLE = Automatic;
				CURRENT_PROJECT_VERSION = 79;
				DEAD_CODE_STRIPPING = NO;
				DEVELOPMENT_TEAM = 549QX23F59;
				INFOPLIST_FILE = "$(SRCROOT)/iOS/Supporting Files/Info.plist";
				IPHONEOS_DEPLOYMENT_TARGET = 13.0;
				LD_RUNPATH_SEARCH_PATHS = (
					"$(inherited)",
					"@executable_path/Frameworks",
				);
				LD_VERIFY_BITCODE = NO;
				MARKETING_VERSION = 1.0.0;
				PRODUCT_BUNDLE_IDENTIFIER = jp.bunpro.bunpro;
				PRODUCT_NAME = "$(TARGET_NAME)";
				PROVISIONING_PROFILE_SPECIFIER = "";
				TARGETED_DEVICE_FAMILY = "1,2";
			};
			name = Release;
		};
		2EAD9DFE1FA25DF100CE52CF /* Debug */ = {
			isa = XCBuildConfiguration;
			buildSettings = {
				ALWAYS_EMBED_SWIFT_STANDARD_LIBRARIES = YES;
				BUNDLE_LOADER = "$(TEST_HOST)";
				CODE_SIGN_STYLE = Automatic;
				DEVELOPMENT_TEAM = 25D37P63S9;
				INFOPLIST_FILE = BunPuroTests/Info.plist;
				LD_RUNPATH_SEARCH_PATHS = (
					"$(inherited)",
					"@executable_path/Frameworks",
					"@loader_path/Frameworks",
				);
				PRODUCT_BUNDLE_IDENTIFIER = de.andreas.braun.BunPuroTests;
				PRODUCT_NAME = "$(TARGET_NAME)";
				SWIFT_VERSION = 5.0;
				TARGETED_DEVICE_FAMILY = "1,2";
				TEST_HOST = "$(BUILT_PRODUCTS_DIR)/iOS.app/iOS";
			};
			name = Debug;
		};
		2EAD9DFF1FA25DF100CE52CF /* Release */ = {
			isa = XCBuildConfiguration;
			buildSettings = {
				ALWAYS_EMBED_SWIFT_STANDARD_LIBRARIES = YES;
				BUNDLE_LOADER = "$(TEST_HOST)";
				CODE_SIGN_STYLE = Automatic;
				DEVELOPMENT_TEAM = 25D37P63S9;
				INFOPLIST_FILE = BunPuroTests/Info.plist;
				LD_RUNPATH_SEARCH_PATHS = (
					"$(inherited)",
					"@executable_path/Frameworks",
					"@loader_path/Frameworks",
				);
				PRODUCT_BUNDLE_IDENTIFIER = de.andreas.braun.BunPuroTests;
				PRODUCT_NAME = "$(TARGET_NAME)";
				SWIFT_VERSION = 5.0;
				TARGETED_DEVICE_FAMILY = "1,2";
				TEST_HOST = "$(BUILT_PRODUCTS_DIR)/iOS.app/iOS";
			};
			name = Release;
		};
		2EAD9E011FA25DF100CE52CF /* Debug */ = {
			isa = XCBuildConfiguration;
			buildSettings = {
				ALWAYS_EMBED_SWIFT_STANDARD_LIBRARIES = YES;
				CODE_SIGN_STYLE = Automatic;
				DEVELOPMENT_TEAM = 25D37P63S9;
				INFOPLIST_FILE = BunPuroUITests/Info.plist;
				LD_RUNPATH_SEARCH_PATHS = (
					"$(inherited)",
					"@executable_path/Frameworks",
					"@loader_path/Frameworks",
				);
				PRODUCT_BUNDLE_IDENTIFIER = de.andreas.braun.BunPuroUITests;
				PRODUCT_NAME = "$(TARGET_NAME)";
				SWIFT_VERSION = 5.0;
				TARGETED_DEVICE_FAMILY = "1,2";
				TEST_TARGET_NAME = BunPuro;
			};
			name = Debug;
		};
		2EAD9E021FA25DF100CE52CF /* Release */ = {
			isa = XCBuildConfiguration;
			buildSettings = {
				ALWAYS_EMBED_SWIFT_STANDARD_LIBRARIES = YES;
				CODE_SIGN_STYLE = Automatic;
				DEVELOPMENT_TEAM = 25D37P63S9;
				INFOPLIST_FILE = BunPuroUITests/Info.plist;
				LD_RUNPATH_SEARCH_PATHS = (
					"$(inherited)",
					"@executable_path/Frameworks",
					"@loader_path/Frameworks",
				);
				PRODUCT_BUNDLE_IDENTIFIER = de.andreas.braun.BunPuroUITests;
				PRODUCT_NAME = "$(TARGET_NAME)";
				SWIFT_VERSION = 5.0;
				TARGETED_DEVICE_FAMILY = "1,2";
				TEST_TARGET_NAME = BunPuro;
			};
			name = Release;
		};
/* End XCBuildConfiguration section */

/* Begin XCConfigurationList section */
		2EAD9DCB1FA25DF100CE52CF /* Build configuration list for PBXProject "BunPuro" */ = {
			isa = XCConfigurationList;
			buildConfigurations = (
				2EAD9DF81FA25DF100CE52CF /* Debug */,
				2EAD9DF91FA25DF100CE52CF /* Release */,
			);
			defaultConfigurationIsVisible = 0;
			defaultConfigurationName = Release;
		};
		2EAD9DFA1FA25DF100CE52CF /* Build configuration list for PBXNativeTarget "iOS" */ = {
			isa = XCConfigurationList;
			buildConfigurations = (
				2EAD9DFB1FA25DF100CE52CF /* Debug */,
				2EAD9DFC1FA25DF100CE52CF /* Release */,
			);
			defaultConfigurationIsVisible = 0;
			defaultConfigurationName = Release;
		};
		2EAD9DFD1FA25DF100CE52CF /* Build configuration list for PBXNativeTarget "iOSTests" */ = {
			isa = XCConfigurationList;
			buildConfigurations = (
				2EAD9DFE1FA25DF100CE52CF /* Debug */,
				2EAD9DFF1FA25DF100CE52CF /* Release */,
			);
			defaultConfigurationIsVisible = 0;
			defaultConfigurationName = Release;
		};
		2EAD9E001FA25DF100CE52CF /* Build configuration list for PBXNativeTarget "iOSUITests" */ = {
			isa = XCConfigurationList;
			buildConfigurations = (
				2EAD9E011FA25DF100CE52CF /* Debug */,
				2EAD9E021FA25DF100CE52CF /* Release */,
			);
			defaultConfigurationIsVisible = 0;
			defaultConfigurationName = Release;
		};
/* End XCConfigurationList section */

/* Begin XCSwiftPackageProductDependency section */
		2EA878FC22E2856A009E5AA9 /* BunProKit */ = {
			isa = XCSwiftPackageProductDependency;
			productName = BunProKit;
		};
		2EA878FE22E28570009E5AA9 /* Protocols */ = {
			isa = XCSwiftPackageProductDependency;
			productName = Protocols;
		};
/* End XCSwiftPackageProductDependency section */

/* Begin XCVersionGroup section */
		2EFB5F9A1FB38D8A004D3DF5 /* BunPro.xcdatamodeld */ = {
			isa = XCVersionGroup;
			children = (
				2EC73FA124FE9B7E002B4009 /* BunPro 2.xcdatamodel */,
				2EA29AA32391AEF1003B50A9 /* BunPro 2.xcdatamodel */,
				2EFB5F9B1FB38D8A004D3DF5 /* BunPro.xcdatamodel */,
			);
			currentVersion = 2EA29AA32391AEF1003B50A9 /* BunPro 2.xcdatamodel */;
			path = BunPro.xcdatamodeld;
			sourceTree = "<group>";
			versionGroupType = wrapper.xcdatamodel;
		};
/* End XCVersionGroup section */
	};
	rootObject = 2EAD9DC81FA25DF100CE52CF /* Project object */;
}
